lockfileVersion: '9.0'

settings:
  autoInstallPeers: true
  excludeLinksFromLockfile: false

importers:

  .:
    dependencies:
      pdf-lib:
        specifier: 1.17.1
        version: 1.17.1
      pdfjs-dist:
        specifier: 5.6.205
        version: 5.6.205
      playwright:
        specifier: 1.62.1
        version: 1.62.1

packages:

  '@napi-rs/canvas-android-arm64@0.1.100':
    resolution: {integrity: sha512-hjhCKhntPv9+t4ckHymdx0phYNcVW+GKQR6Lzw2zE+pOVjOplSmtx9nNNknTjbEDLcuLZqA1y8ufKg1XfgftzQ==}
    engines: {node: '>= 10'}
    cpu: [arm64]
    os: [android]

  '@napi-rs/canvas-darwin-arm64@0.1.100':
    resolution: {integrity: sha512-2PcswRaC7Ly645DGt88///zuFDhJxJYdKAs1uU3mfk1atYkXufgcgLfBpk6Tm12nCQBaNt1wpybuPZ4qOhTo8A==}
    engines: {node: '>= 10'}
    cpu: [arm64]
    os: [darwin]

  '@napi-rs/canvas-darwin-x64@0.1.100':
    resolution: {integrity: sha512-ePNZtj7pNIva/siZMg+HmbeozkIjqUIYdoymH8HaA3qK7LfzFN4WMBM8G6HQ9ZC+H3+Dnn5pqtiXpgLykaPOhw==}
    engines: {node: '>= 10'}
    cpu: [x64]
    os: [darwin]

  '@napi-rs/canvas-linux-arm-gnueabihf@0.1.100':
    resolution: {integrity: sha512-d5cDB48oWFGU8/XPhUOFAlySgb/VAu7D+s8fi55K1Pcfg8aPplHWqMgibhVLU8ky7Pyg/fuiVLz4Nf3JrSTuUA==}
    engines: {node: '>= 10'}
    cpu: [arm]
    os: [linux]

  '@napi-rs/canvas-linux-arm64-gnu@0.1.100':
    resolution: {integrity: sha512-rDxgxRu69RvDlX/bh9o22DxLsGr8EqsNgotL9+RwQE1S0b0cqeatqsw6aW45mukm0B42DIAaAacKaYQ8cqS1nw==}
    engines: {node: '>= 10'}
    cpu: [arm64]
    os: [linux]
    libc: [glibc]

  '@napi-rs/canvas-linux-arm64-musl@0.1.100':
    resolution: {integrity: sha512-K3mDW66N+xT2/V439u1alFANiBUjdEx2gLiNYnCmUsva5jZMxWTjafBYwTzYK+EMFMHrUoabuU+T1BIP5CgbYQ==}
    engines: {node: '>= 10'}
    cpu: [arm64]
    os: [linux]
    libc: [musl]

  '@napi-rs/canvas-linux-riscv64-gnu@0.1.100':
    resolution: {integrity: sha512-mooqUBTIsccZpnoQC4NgrC1v6C1vof39etLNMnBwCY+p0gajWJvAHLGQ6g/gGyS5YrpDW+GefSN4+Cvcr08UWw==}
    engines: {node: '>= 10'}
    cpu: [riscv64]
    os: [linux]
    libc: [glibc]

  '@napi-rs/canvas-linux-x64-gnu@0.1.100':
    resolution: {integrity: sha512-1eCvkDCazm7FFhsT7DfGOdSaHgZVK3bt/dSBl5EWHOWmnz+I7j8tPseJqqD81NF+MH21jKUK4wQSDjN0mdhnTg==}
    engines: {node: '>= 10'}
    cpu: [x64]
    os: [linux]
    libc: [glibc]

  '@napi-rs/canvas-linux-x64-musl@0.1.100':
    resolution: {integrity: sha512-20arT6lnI19S68qNlii73TSEDbECNgzMz2EpldC1V3mZFuRkeujXkcebRk0LRJe9SEUAooYiLokfMViY8IX7yA==}
    engines: {node: '>= 10'}
    cpu: [x64]
    os: [linux]
    libc: [musl]

  '@napi-rs/canvas-win32-arm64-msvc@0.1.100':
    resolution: {integrity: sha512-DZFFT1wIAg37LJw37yhMRFfjATd3vTQzjZ1Yki8u2vhO6Hi5VE6BVaGQ1aaDu7xb4iMErz+9EOwjpS7xcxFeBw==}
    engines: {node: '>= 10'}
    cpu: [arm64]
    os: [win32]

  '@napi-rs/canvas-win32-x64-msvc@0.1.100':
    resolution: {integrity: sha512-MyT1j3mHC2+Lu4pBi9mKyMJhtP6U7k7EldY7sj/uS5gJA65gTXt8MefJQXLJo5d/vZbuWmfxzkEUNc/urV3pHA==}
    engines: {node: '>= 10'}
    cpu: [x64]
    os: [win32]

  '@napi-rs/canvas@0.1.100':
    resolution: {integrity: sha512-xglYA6q3XO5P3BNJYxVZ1IV7DLVjp1Py6nwag88YntrS+3vKHyYcMqXVS4ZztJmwz2uGvz1FWhI/4LgbR5uQDA==}
    engines: {node: '>= 10'}

  '@pdf-lib/standard-fonts@1.0.0':
    resolution: {integrity: sha512-hU30BK9IUN/su0Mn9VdlVKsWBS6GyhVfqjwl1FjZN4TxP6cCw0jP2w7V3Hf5uX7M0AZJ16vey9yE0ny7Sa59ZA==}

  '@pdf-lib/upng@1.0.1':
    resolution: {integrity: sha512-dQK2FUMQtowVP00mtIksrlZhdFXQZPC+taih1q4CvPZ5vqdxR/LKBaFg0oAfzd1GlHZXXSPdQfzQnt+ViGvEIQ==}

  fsevents@2.3.2:
    resolution: {integrity: sha512-xiqMQR4xAeHTuB9uWm+fFRcIOgKBMiOBP+eXiyT7jsgVCq1bkVygt00oASowB7EdtpOHaaPgKt812P9ab+DDKA==}
    engines: {node: ^8.16.0 || ^10.6.0 || >=11.0.0}
    os: [darwin]

  node-readable-to-web-readable-stream@0.4.2:
    resolution: {integrity: sha512-/cMZNI34v//jUTrI+UIo4ieHAB5EZRY/+7OmXZgBxaWBMcW2tGdceIw06RFxWxrKZ5Jp3sI2i5TsRo+CBhtVLQ==}

  pako@1.0.11:
    resolution: {integrity: sha512-4hLB8Py4zZce5s4yd9XzopqwVv/yGNhV1Bl8NTmCq1763HeK2+EwVTv+leGeL13Dnh2wfbqowVPXCIO0z4taYw==}

  pdf-lib@1.17.1:
    resolution: {integrity: sha512-V/mpyJAoTsN4cnP31vc0wfNA1+p20evqqnap0KLoRUN0Yk/p3wN52DOEsL4oBFcLdb76hlpKPtzJIgo67j/XLw==}

  pdfjs-dist@5.6.205:
    resolution: {integrity: sha512-tlUj+2IDa7G1SbvBNN74UHRLJybZDWYom+k6p5KIZl7huBvsA4APi6mKL+zCxd3tLjN5hOOEE9Tv7VdzO88pfg==}
    engines: {node: '>=20.19.0 || >=22.13.0 || >=24'}

  playwright-core@1.62.1:
    resolution: {integrity: sha512-wPYSwEBJY9GHraISXqyqtx0na0LpO3XEX7jNDhntbex7tzUS7kLnZsOlFruFJB4Hi/rhDMjXGqHewDZ68nYZVw==}
    engines: {node: '>=20'}
    hasBin: true

  playwright@1.62.1:
    resolution: {integrity: sha512-0M+L3LAD8/nm554LOla9Ayx0j0tmFZ0FBcoQ7F1VuVHpM/XpiC8RcDzBQB8W5+hA8L22THxELzeF+2WcUzvcLg==}
    engines: {node: '>=20'}
    hasBin: true

  tslib@1.14.1:
    resolution: {integrity: sha512-Xni35NKzjgMrwevysHTCArtLDpPvye8zV/0E4EyYn43P7/7qvQwPh9BGkHewbMulVntbigmcT7rdX3BNo9wRJg==}

snapshots:

  '@napi-rs/canvas-android-arm64@0.1.100':
    optional: true

  '@napi-rs/canvas-darwin-arm64@0.1.100':
    optional: true

  '@napi-rs/canvas-darwin-x64@0.1.100':
    optional: true

  '@napi-rs/canvas-linux-arm-gnueabihf@0.1.100':
    optional: true

  '@napi-rs/canvas-linux-arm64-gnu@0.1.100':
    optional: true

  '@napi-rs/canvas-linux-arm64-musl@0.1.100':
    optional: true

  '@napi-rs/canvas-linux-riscv64-gnu@0.1.100':
    optional: true

  '@napi-rs/canvas-linux-x64-gnu@0.1.100':
    optional: true

  '@napi-rs/canvas-linux-x64-musl@0.1.100':
    optional: true

  '@napi-rs/canvas-win32-arm64-msvc@0.1.100':
    optional: true

  '@napi-rs/canvas-win32-x64-msvc@0.1.100':
    optional: true

  '@napi-rs/canvas@0.1.100':
    optionalDependencies:
      '@napi-rs/canvas-android-arm64': 0.1.100
      '@napi-rs/canvas-darwin-arm64': 0.1.100
      '@napi-rs/canvas-darwin-x64': 0.1.100
      '@napi-rs/canvas-linux-arm-gnueabihf': 0.1.100
      '@napi-rs/canvas-linux-arm64-gnu': 0.1.100
      '@napi-rs/canvas-linux-arm64-musl': 0.1.100
      '@napi-rs/canvas-linux-riscv64-gnu': 0.1.100
      '@napi-rs/canvas-linux-x64-gnu': 0.1.100
      '@napi-rs/canvas-linux-x64-musl': 0.1.100
      '@napi-rs/canvas-win32-arm64-msvc': 0.1.100
      '@napi-rs/canvas-win32-x64-msvc': 0.1.100

  '@pdf-lib/standard-fonts@1.0.0':
    dependencies:
      pako: 1.0.11

  '@pdf-lib/upng@1.0.1':
    dependencies:
      pako: 1.0.11

  fsevents@2.3.2:
    optional: true

  node-readable-to-web-readable-stream@0.4.2:
    optional: true

  pako@1.0.11: {}

  pdf-lib@1.17.1:
    dependencies:
      '@pdf-lib/standard-fonts': 1.0.0
      '@pdf-lib/upng': 1.0.1
      pako: 1.0.11
      tslib: 1.14.1

  pdfjs-dist@5.6.205:
    optionalDependencies:
      '@napi-rs/canvas': 0.1.100
      node-readable-to-web-readable-stream: 0.4.2

  playwright-core@1.62.1: {}

  playwright@1.62.1:
    dependencies:
      playwright-core: 1.62.1
    optionalDependencies:
      fsevents: 2.3.2

  tslib@1.14.1: {}
